
Microsoft Visual Studio Solution File, Format Version 12.00
Project("{FAE04EC0-301F-11D3-BF4B-00C04F79EFBC}") = "CustomCollection", "CustomCollection\CustomCollection.csproj", "{1F3F12D2-5C33-49D4-94C1-2C90BBC98721}"
EndProject
Project("{FAE04EC0-301F-11D3-BF4B-00C04F79EFBC}") = "Collection", "Collection\Collection.csproj", "{B7D34119-A044-4599-BD5B-18CFE56FF22B}"
EndProject
Global
	GlobalSection(SolutionConfigurationPlatforms) = preSolution
		Debug|Any CPU = Debug|Any CPU
		Release|Any CPU = Release|Any CPU
	EndGlobalSection
	GlobalSection(ProjectConfigurationPlatforms) = postSolution
		{1F3F12D2-5C33-49D4-94C1-2C90BBC98721}.Debug|Any CPU.ActiveCfg = Debug|Any CPU
		{1F3F12D2-5C33-49D4-94C1-2C90BBC98721}.Debug|Any CPU.Build.0 = Debug|Any CPU
		{1F3F12D2-5C33-49D4-94C1-2C90BBC98721}.Release|Any CPU.ActiveCfg = Release|Any CPU
		{1F3F12D2-5C33-49D4-94C1-2C90BBC98721}.Release|Any CPU.Build.0 = Release|Any CPU
		{B7D34119-A044-4599-BD5B-18CFE56FF22B}.Debug|Any CPU.ActiveCfg = Debug|Any CPU
		{B7D34119-A044-4599-BD5B-18CFE56FF22B}.Debug|Any CPU.Build.0 = Debug|Any CPU
		{B7D34119-A044-4599-BD5B-18CFE56FF22B}.Release|Any CPU.ActiveCfg = Release|Any CPU
		{B7D34119-A044-4599-BD5B-18CFE56FF22B}.Release|Any CPU.Build.0 = Release|Any CPU
	EndGlobalSection
EndGlobal
