
Microsoft Visual Studio Solution File, Format Version 12.00
Project("{FAE04EC0-301F-11D3-BF4B-00C04F79EFBC}") = "ExtensionMethods", "ExtensionMethods\ExtensionMethods.csproj", "{6B27554E-0A18-4276-BB73-80998B9130A0}"
EndProject
Project("{FAE04EC0-301F-11D3-BF4B-00C04F79EFBC}") = "Delegates", "Delegates\Delegates.csproj", "{CD6DD924-FE5E-4E6C-9E90-DD023DB4D22D}"
EndProject
Global
	GlobalSection(SolutionConfigurationPlatforms) = preSolution
		Debug|Any CPU = Debug|Any CPU
		Release|Any CPU = Release|Any CPU
	EndGlobalSection
	GlobalSection(ProjectConfigurationPlatforms) = postSolution
		{CD6DD924-FE5E-4E6C-9E90-DD023DB4D22D}.Debug|Any CPU.ActiveCfg = Debug|Any CPU
		{CD6DD924-FE5E-4E6C-9E90-DD023DB4D22D}.Debug|Any CPU.Build.0 = Debug|Any CPU
		{CD6DD924-FE5E-4E6C-9E90-DD023DB4D22D}.Release|Any CPU.ActiveCfg = Release|Any CPU
		{CD6DD924-FE5E-4E6C-9E90-DD023DB4D22D}.Release|Any CPU.Build.0 = Release|Any CPU
		{6B27554E-0A18-4276-BB73-80998B9130A0}.Debug|Any CPU.ActiveCfg = Debug|Any CPU
		{6B27554E-0A18-4276-BB73-80998B9130A0}.Debug|Any CPU.Build.0 = Debug|Any CPU
		{6B27554E-0A18-4276-BB73-80998B9130A0}.Release|Any CPU.ActiveCfg = Release|Any CPU
		{6B27554E-0A18-4276-BB73-80998B9130A0}.Release|Any CPU.Build.0 = Release|Any CPU
		{E5BF4FC0-2351-4DB3-A41E-705A0F38158B}.Release|Any CPU.ActiveCfg = Release|Any CPU
		{E5BF4FC0-2351-4DB3-A41E-705A0F38158B}.Release|Any CPU.Build.0 = Release|Any CPU
	EndGlobalSection
EndGlobal
