
Microsoft Visual Studio Solution File, Format Version 12.00
Project("{FAE04EC0-301F-11D3-BF4B-00C04F79EFBC}") = "HelloWorldAsync", "HelloWorldAsync\HelloWorldAsync.csproj", "{93F2075F-9149-4285-B395-AA3FBE5F4908}"
EndProject
Global
	GlobalSection(SolutionConfigurationPlatforms) = preSolution
		Debug|Any CPU = Debug|Any CPU
		Release|Any CPU = Release|Any CPU
	EndGlobalSection
	GlobalSection(ProjectConfigurationPlatforms) = postSolution
		{93F2075F-9149-4285-B395-AA3FBE5F4908}.Debug|Any CPU.ActiveCfg = Debug|Any CPU
		{93F2075F-9149-4285-B395-AA3FBE5F4908}.Debug|Any CPU.Build.0 = Debug|Any CPU
		{93F2075F-9149-4285-B395-AA3FBE5F4908}.Release|Any CPU.ActiveCfg = Release|Any CPU
		{93F2075F-9149-4285-B395-AA3FBE5F4908}.Release|Any CPU.Build.0 = Release|Any CPU
	EndGlobalSection
EndGlobal
