
Microsoft Visual Studio Solution File, Format Version 12.00
Project("{FAE04EC0-301F-11D3-BF4B-00C04F79EFBC}") = "NewYearGifts", "NewYearGifts\NewYearGifts.csproj", "{341DD9E0-6C03-4531-99D2-BC2434205422}"
EndProject
Global
	GlobalSection(SolutionConfigurationPlatforms) = preSolution
		Debug|Any CPU = Debug|Any CPU
		Release|Any CPU = Release|Any CPU
	EndGlobalSection
	GlobalSection(ProjectConfigurationPlatforms) = postSolution
		{341DD9E0-6C03-4531-99D2-BC2434205422}.Debug|Any CPU.ActiveCfg = Debug|Any CPU
		{341DD9E0-6C03-4531-99D2-BC2434205422}.Debug|Any CPU.Build.0 = Debug|Any CPU
		{341DD9E0-6C03-4531-99D2-BC2434205422}.Release|Any CPU.ActiveCfg = Release|Any CPU
		{341DD9E0-6C03-4531-99D2-BC2434205422}.Release|Any CPU.Build.0 = Release|Any CPU
	EndGlobalSection
EndGlobal
